
Microsoft Visual Studio Solution File, Format Version 12.00
# Visual Studio Version 17
VisualStudioVersion = 17.5.33516.290
MinimumVisualStudioVersion = 10.0.40219.1
Project("{9A19103F-16F7-4668-BE54-9A1E7A4F7556}") = "Bluewire.Common.Console", "Bluewire.Common.Console\Bluewire.Common.Console.csproj", "{63C2CCD8-973D-4611-B5D4-D5A5CEF7E53C}"
EndProject
Project("{9A19103F-16F7-4668-BE54-9A1E7A4F7556}") = "Bluewire.Common.Console.UnitTests", "Bluewire.Common.Console.UnitTests\Bluewire.Common.Console.UnitTests.csproj", "{4A399738-3937-4F38-841D-DF85FDE83422}"
EndProject
Project("{9A19103F-16F7-4668-BE54-9A1E7A4F7556}") = "TestDaemon", "TestDaemon\TestDaemon.csproj", "{B267916A-AC3B-4C34-8E71-72C0098B69F4}"
EndProject
Project("{9A19103F-16F7-4668-BE54-9A1E7A4F7556}") = "Bluewire.Common.Console.Client", "Bluewire.Common.Console.Client\Bluewire.Common.Console.Client.csproj", "{C66A3F12-79E2-46BD-8AAB-D75414E14B6C}"
EndProject
Project("{9A19103F-16F7-4668-BE54-9A1E7A4F7556}") = "Bluewire.Common.Console.Client.UnitTests", "Bluewire.Common.Console.Client.UnitTests\Bluewire.Common.Console.Client.UnitTests.csproj", "{70801F91-CEDA-4502-BE25-D14B606D9C97}"
EndProject
Project("{9A19103F-16F7-4668-BE54-9A1E7A4F7556}") = "Bluewire.Common.Console.NUnit3", "Bluewire.Common.Console.NUnit3\Bluewire.Common.Console.NUnit3.csproj", "{3254E82F-4B75-4984-8F08-E015DA88A656}"
EndProject
Project("{9A19103F-16F7-4668-BE54-9A1E7A4F7556}") = "Bluewire.Common.Console.NUnit3.UnitTests", "Bluewire.Common.Console.NUnit3.UnitTests\Bluewire.Common.Console.NUnit3.UnitTests.csproj", "{C46EFD73-3652-4EC8-BAF4-0C730CA2EA46}"
EndProject
Project("{9A19103F-16F7-4668-BE54-9A1E7A4F7556}") = "Bluewire.Common.Console.Formatting", "Bluewire.Common.Console.Formatting\Bluewire.Common.Console.Formatting.csproj", "{2EC604E1-5484-4DF5-8115-27960CEE06D5}"
EndProject
Project("{9A19103F-16F7-4668-BE54-9A1E7A4F7556}") = "SquashStdErr", "SquashStdErr\SquashStdErr.csproj", "{FE054664-11BA-4543-8F60-D2FF25BF1172}"
EndProject
Project("{FAE04EC0-301F-11D3-BF4B-00C04F79EFBC}") = "Bluewire.Common.ProcessJanitor", "Bluewire.Common.ProcessJanitor\Bluewire.Common.ProcessJanitor.csproj", "{3FEAC573-B6C0-40C0-A67C-65C91027F2A1}"
EndProject
Global
	GlobalSection(SolutionConfigurationPlatforms) = preSolution
		Debug|Any CPU = Debug|Any CPU
		Release|Any CPU = Release|Any CPU
	EndGlobalSection
	GlobalSection(ProjectConfigurationPlatforms) = postSolution
		{63C2CCD8-973D-4611-B5D4-D5A5CEF7E53C}.Debug|Any CPU.ActiveCfg = Debug|Any CPU
		{63C2CCD8-973D-4611-B5D4-D5A5CEF7E53C}.Debug|Any CPU.Build.0 = Debug|Any CPU
		{63C2CCD8-973D-4611-B5D4-D5A5CEF7E53C}.Release|Any CPU.ActiveCfg = Release|Any CPU
		{63C2CCD8-973D-4611-B5D4-D5A5CEF7E53C}.Release|Any CPU.Build.0 = Release|Any CPU
		{4A399738-3937-4F38-841D-DF85FDE83422}.Debug|Any CPU.ActiveCfg = Debug|Any CPU
		{4A399738-3937-4F38-841D-DF85FDE83422}.Debug|Any CPU.Build.0 = Debug|Any CPU
		{4A399738-3937-4F38-841D-DF85FDE83422}.Release|Any CPU.ActiveCfg = Release|Any CPU
		{4A399738-3937-4F38-841D-DF85FDE83422}.Release|Any CPU.Build.0 = Release|Any CPU
		{B267916A-AC3B-4C34-8E71-72C0098B69F4}.Debug|Any CPU.ActiveCfg = Debug|Any CPU
		{B267916A-AC3B-4C34-8E71-72C0098B69F4}.Debug|Any CPU.Build.0 = Debug|Any CPU
		{B267916A-AC3B-4C34-8E71-72C0098B69F4}.Release|Any CPU.ActiveCfg = Release|Any CPU
		{B267916A-AC3B-4C34-8E71-72C0098B69F4}.Release|Any CPU.Build.0 = Release|Any CPU
		{C66A3F12-79E2-46BD-8AAB-D75414E14B6C}.Debug|Any CPU.ActiveCfg = Debug|Any CPU
		{C66A3F12-79E2-46BD-8AAB-D75414E14B6C}.Debug|Any CPU.Build.0 = Debug|Any CPU
		{C66A3F12-79E2-46BD-8AAB-D75414E14B6C}.Release|Any CPU.ActiveCfg = Release|Any CPU
		{C66A3F12-79E2-46BD-8AAB-D75414E14B6C}.Release|Any CPU.Build.0 = Release|Any CPU
		{70801F91-CEDA-4502-BE25-D14B606D9C97}.Debug|Any CPU.ActiveCfg = Debug|Any CPU
		{70801F91-CEDA-4502-BE25-D14B606D9C97}.Debug|Any CPU.Build.0 = Debug|Any CPU
		{70801F91-CEDA-4502-BE25-D14B606D9C97}.Release|Any CPU.ActiveCfg = Release|Any CPU
		{70801F91-CEDA-4502-BE25-D14B606D9C97}.Release|Any CPU.Build.0 = Release|Any CPU
		{3254E82F-4B75-4984-8F08-E015DA88A656}.Debug|Any CPU.ActiveCfg = Debug|Any CPU
		{3254E82F-4B75-4984-8F08-E015DA88A656}.Debug|Any CPU.Build.0 = Debug|Any CPU
		{3254E82F-4B75-4984-8F08-E015DA88A656}.Release|Any CPU.ActiveCfg = Release|Any CPU
		{3254E82F-4B75-4984-8F08-E015DA88A656}.Release|Any CPU.Build.0 = Release|Any CPU
		{C46EFD73-3652-4EC8-BAF4-0C730CA2EA46}.Debug|Any CPU.ActiveCfg = Debug|Any CPU
		{C46EFD73-3652-4EC8-BAF4-0C730CA2EA46}.Debug|Any CPU.Build.0 = Debug|Any CPU
		{C46EFD73-3652-4EC8-BAF4-0C730CA2EA46}.Release|Any CPU.ActiveCfg = Release|Any CPU
		{C46EFD73-3652-4EC8-BAF4-0C730CA2EA46}.Release|Any CPU.Build.0 = Release|Any CPU
		{2EC604E1-5484-4DF5-8115-27960CEE06D5}.Debug|Any CPU.ActiveCfg = Debug|Any CPU
		{2EC604E1-5484-4DF5-8115-27960CEE06D5}.Debug|Any CPU.Build.0 = Debug|Any CPU
		{2EC604E1-5484-4DF5-8115-27960CEE06D5}.Release|Any CPU.ActiveCfg = Release|Any CPU
		{2EC604E1-5484-4DF5-8115-27960CEE06D5}.Release|Any CPU.Build.0 = Release|Any CPU
		{FE054664-11BA-4543-8F60-D2FF25BF1172}.Debug|Any CPU.ActiveCfg = Debug|Any CPU
		{FE054664-11BA-4543-8F60-D2FF25BF1172}.Debug|Any CPU.Build.0 = Debug|Any CPU
		{FE054664-11BA-4543-8F60-D2FF25BF1172}.Release|Any CPU.ActiveCfg = Release|Any CPU
		{FE054664-11BA-4543-8F60-D2FF25BF1172}.Release|Any CPU.Build.0 = Release|Any CPU
		{3FEAC573-B6C0-40C0-A67C-65C91027F2A1}.Debug|Any CPU.ActiveCfg = Debug|Any CPU
		{3FEAC573-B6C0-40C0-A67C-65C91027F2A1}.Debug|Any CPU.Build.0 = Debug|Any CPU
		{3FEAC573-B6C0-40C0-A67C-65C91027F2A1}.Release|Any CPU.ActiveCfg = Release|Any CPU
		{3FEAC573-B6C0-40C0-A67C-65C91027F2A1}.Release|Any CPU.Build.0 = Release|Any CPU
	EndGlobalSection
	GlobalSection(SolutionProperties) = preSolution
		HideSolutionNode = FALSE
	EndGlobalSection
	GlobalSection(ExtensibilityGlobals) = postSolution
		SolutionGuid = {427C31AE-FB6C-486E-A03F-933EAD1504E1}
	EndGlobalSection
EndGlobal
