
Microsoft Visual Studio Solution File, Format Version 12.00
# Visual Studio 2012
Project("{FAE04EC0-301F-11D3-BF4B-00C04F79EFBC}") = "Bluewire.Common.Console", "Common.Console\Bluewire.Common.Console.csproj", "{63C2CCD8-973D-4611-B5D4-D5A5CEF7E53C}"
EndProject
Project("{FAE04EC0-301F-11D3-BF4B-00C04F79EFBC}") = "Bluewire.Common.Console.Tests", "Common.Console.Tests\Bluewire.Common.Console.Tests.csproj", "{4A399738-3937-4F38-841D-DF85FDE83422}"
EndProject
Project("{FAE04EC0-301F-11D3-BF4B-00C04F79EFBC}") = "TestDaemon", "TestDaemon\TestDaemon.csproj", "{B267916A-AC3B-4C34-8E71-72C0098B69F4}"
EndProject
Global
	GlobalSection(SolutionConfigurationPlatforms) = preSolution
		Debug|Any CPU = Debug|Any CPU
		Release|Any CPU = Release|Any CPU
	EndGlobalSection
	GlobalSection(ProjectConfigurationPlatforms) = postSolution
		{63C2CCD8-973D-4611-B5D4-D5A5CEF7E53C}.Debug|Any CPU.ActiveCfg = Debug|Any CPU
		{63C2CCD8-973D-4611-B5D4-D5A5CEF7E53C}.Debug|Any CPU.Build.0 = Debug|Any CPU
		{63C2CCD8-973D-4611-B5D4-D5A5CEF7E53C}.Release|Any CPU.ActiveCfg = Release|Any CPU
		{63C2CCD8-973D-4611-B5D4-D5A5CEF7E53C}.Release|Any CPU.Build.0 = Release|Any CPU
		{4A399738-3937-4F38-841D-DF85FDE83422}.Debug|Any CPU.ActiveCfg = Debug|Any CPU
		{4A399738-3937-4F38-841D-DF85FDE83422}.Debug|Any CPU.Build.0 = Debug|Any CPU
		{4A399738-3937-4F38-841D-DF85FDE83422}.Release|Any CPU.ActiveCfg = Release|Any CPU
		{4A399738-3937-4F38-841D-DF85FDE83422}.Release|Any CPU.Build.0 = Release|Any CPU
		{B267916A-AC3B-4C34-8E71-72C0098B69F4}.Debug|Any CPU.ActiveCfg = Debug|Any CPU
		{B267916A-AC3B-4C34-8E71-72C0098B69F4}.Debug|Any CPU.Build.0 = Debug|Any CPU
		{B267916A-AC3B-4C34-8E71-72C0098B69F4}.Release|Any CPU.ActiveCfg = Release|Any CPU
		{B267916A-AC3B-4C34-8E71-72C0098B69F4}.Release|Any CPU.Build.0 = Release|Any CPU
	EndGlobalSection
	GlobalSection(SolutionProperties) = preSolution
		HideSolutionNode = FALSE
	EndGlobalSection
EndGlobal
